
Microsoft Visual Studio Solution File, Format Version 12.00
# Visual Studio Version 17
VisualStudioVersion = 17.3.32929.385
MinimumVisualStudioVersion = 10.0.40219.1
Project("{FAE04EC0-301F-11D3-BF4B-00C04F79EFBC}") = "MVC-CRUD-ADO-OAUTH", "MVC-CRUD-ADO-OAUTH.csproj", "{70F74B1D-349A-411A-BA08-108555178D11}"
EndProject
Global
	GlobalSection(SolutionConfigurationPlatforms) = preSolution
		Debug|Any CPU = Debug|Any CPU
		Release|Any CPU = Release|Any CPU
	EndGlobalSection
	GlobalSection(ProjectConfigurationPlatforms) = postSolution
		{70F74B1D-349A-411A-BA08-108555178D11}.Debug|Any CPU.ActiveCfg = Debug|Any CPU
		{70F74B1D-349A-411A-BA08-108555178D11}.Debug|Any CPU.Build.0 = Debug|Any CPU
		{70F74B1D-349A-411A-BA08-108555178D11}.Release|Any CPU.ActiveCfg = Release|Any CPU
		{70F74B1D-349A-411A-BA08-108555178D11}.Release|Any CPU.Build.0 = Release|Any CPU
	EndGlobalSection
	GlobalSection(SolutionProperties) = preSolution
		HideSolutionNode = FALSE
	EndGlobalSection
	GlobalSection(ExtensibilityGlobals) = postSolution
		SolutionGuid = {794DB5C3-AF66-4B22-98CA-53CA3289339F}
	EndGlobalSection
EndGlobal
